
Microsoft Visual Studio Solution File, Format Version 12.00
# Visual Studio Version 17
VisualStudioVersion = 17.0.31903.59
MinimumVisualStudioVersion = 10.0.40219.1
Project("{FAE04EC0-301F-11D3-BF4B-00C04F79EFBC}") = "HelloCalcApp", "HelloCalcApp\HelloCalcApp.csproj", "{3C10AF0B-AFF7-4FC8-85A4-4952BB1A2A54}"
EndProject
Project("{FAE04EC0-301F-11D3-BF4B-00C04F79EFBC}") = "HelloCalcTests", "HelloCalcTests\HelloCalcTests.csproj", "{E34C6D13-7948-46FB-BBD9-79F6FD04EAF9}"
EndProject
Global
	GlobalSection(SolutionConfigurationPlatforms) = preSolution
		Debug|Any CPU = Debug|Any CPU
		Debug|x64 = Debug|x64
		Debug|x86 = Debug|x86
		Release|Any CPU = Release|Any CPU
		Release|x64 = Release|x64
		Release|x86 = Release|x86
	EndGlobalSection
	GlobalSection(ProjectConfigurationPlatforms) = postSolution
		{3C10AF0B-AFF7-4FC8-85A4-4952BB1A2A54}.Debug|Any CPU.ActiveCfg = Debug|Any CPU
		{3C10AF0B-AFF7-4FC8-85A4-4952BB1A2A54}.Debug|Any CPU.Build.0 = Debug|Any CPU
		{3C10AF0B-AFF7-4FC8-85A4-4952BB1A2A54}.Debug|x64.ActiveCfg = Debug|Any CPU
		{3C10AF0B-AFF7-4FC8-85A4-4952BB1A2A54}.Debug|x64.Build.0 = Debug|Any CPU
		{3C10AF0B-AFF7-4FC8-85A4-4952BB1A2A54}.Debug|x86.ActiveCfg = Debug|Any CPU
		{3C10AF0B-AFF7-4FC8-85A4-4952BB1A2A54}.Debug|x86.Build.0 = Debug|Any CPU
		{3C10AF0B-AFF7-4FC8-85A4-4952BB1A2A54}.Release|Any CPU.ActiveCfg = Release|Any CPU
		{3C10AF0B-AFF7-4FC8-85A4-4952BB1A2A54}.Release|Any CPU.Build.0 = Release|Any CPU
		{3C10AF0B-AFF7-4FC8-85A4-4952BB1A2A54}.Release|x64.ActiveCfg = Release|Any CPU
		{3C10AF0B-AFF7-4FC8-85A4-4952BB1A2A54}.Release|x64.Build.0 = Release|Any CPU
		{3C10AF0B-AFF7-4FC8-85A4-4952BB1A2A54}.Release|x86.ActiveCfg = Release|Any CPU
		{3C10AF0B-AFF7-4FC8-85A4-4952BB1A2A54}.Release|x86.Build.0 = Release|Any CPU
		{E34C6D13-7948-46FB-BBD9-79F6FD04EAF9}.Debug|Any CPU.ActiveCfg = Debug|Any CPU
		{E34C6D13-7948-46FB-BBD9-79F6FD04EAF9}.Debug|Any CPU.Build.0 = Debug|Any CPU
		{E34C6D13-7948-46FB-BBD9-79F6FD04EAF9}.Debug|x64.ActiveCfg = Debug|Any CPU
		{E34C6D13-7948-46FB-BBD9-79F6FD04EAF9}.Debug|x64.Build.0 = Debug|Any CPU
		{E34C6D13-7948-46FB-BBD9-79F6FD04EAF9}.Debug|x86.ActiveCfg = Debug|Any CPU
		{E34C6D13-7948-46FB-BBD9-79F6FD04EAF9}.Debug|x86.Build.0 = Debug|Any CPU
		{E34C6D13-7948-46FB-BBD9-79F6FD04EAF9}.Release|Any CPU.ActiveCfg = Release|Any CPU
		{E34C6D13-7948-46FB-BBD9-79F6FD04EAF9}.Release|Any CPU.Build.0 = Release|Any CPU
		{E34C6D13-7948-46FB-BBD9-79F6FD04EAF9}.Release|x64.ActiveCfg = Release|Any CPU
		{E34C6D13-7948-46FB-BBD9-79F6FD04EAF9}.Release|x64.Build.0 = Release|Any CPU
		{E34C6D13-7948-46FB-BBD9-79F6FD04EAF9}.Release|x86.ActiveCfg = Release|Any CPU
		{E34C6D13-7948-46FB-BBD9-79F6FD04EAF9}.Release|x86.Build.0 = Release|Any CPU
	EndGlobalSection
	GlobalSection(SolutionProperties) = preSolution
		HideSolutionNode = FALSE
	EndGlobalSection
EndGlobal
